
Microsoft Visual Studio Solution File, Format Version 12.00
# Visual Studio Version 17
VisualStudioVersion = 17.9.34723.18
MinimumVisualStudioVersion = 10.0.40219.1
Project("{FAE04EC0-301F-11D3-BF4B-00C04F79EFBC}") = "CarShop.Web", "CarShop.Web\CarShop.Web.csproj", "{2A8F6780-C8D3-416B-A789-6C4A5DFC0A11}"
EndProject
Project("{FAE04EC0-301F-11D3-BF4B-00C04F79EFBC}") = "CarShop.Data", "CarShop.Data\CarShop.Data.csproj", "{87C6ADCC-C132-44B2-BD55-6B8C0805479A}"
EndProject
Global
	GlobalSection(SolutionConfigurationPlatforms) = preSolution
		Debug|Any CPU = Debug|Any CPU
		Release|Any CPU = Release|Any CPU
	EndGlobalSection
	GlobalSection(ProjectConfigurationPlatforms) = postSolution
		{2A8F6780-C8D3-416B-A789-6C4A5DFC0A11}.Debug|Any CPU.ActiveCfg = Debug|Any CPU
		{2A8F6780-C8D3-416B-A789-6C4A5DFC0A11}.Debug|Any CPU.Build.0 = Debug|Any CPU
		{2A8F6780-C8D3-416B-A789-6C4A5DFC0A11}.Release|Any CPU.ActiveCfg = Release|Any CPU
		{2A8F6780-C8D3-416B-A789-6C4A5DFC0A11}.Release|Any CPU.Build.0 = Release|Any CPU
		{87C6ADCC-C132-44B2-BD55-6B8C0805479A}.Debug|Any CPU.ActiveCfg = Debug|Any CPU
		{87C6ADCC-C132-44B2-BD55-6B8C0805479A}.Debug|Any CPU.Build.0 = Debug|Any CPU
		{87C6ADCC-C132-44B2-BD55-6B8C0805479A}.Release|Any CPU.ActiveCfg = Release|Any CPU
		{87C6ADCC-C132-44B2-BD55-6B8C0805479A}.Release|Any CPU.Build.0 = Release|Any CPU
	EndGlobalSection
	GlobalSection(SolutionProperties) = preSolution
		HideSolutionNode = FALSE
	EndGlobalSection
	GlobalSection(ExtensibilityGlobals) = postSolution
		SolutionGuid = {5AB559D7-273A-43E0-9A71-C7CA3E08F0FC}
	EndGlobalSection
EndGlobal
